
Microsoft Visual Studio Solution File, Format Version 12.00
# Visual Studio 15
Project("{FAE04EC0-301F-11D3-BF4B-00C04F79EFBC}") = "JWTAuthTest.Android", "JWTAuthTest.Android\JWTAuthTest.Android.csproj", "{1C954869-6E68-4E7F-BB33-D5BC1249797A}"
EndProject
Project("{FAE04EC0-301F-11D3-BF4B-00C04F79EFBC}") = "JWTAuthTest.iOS", "JWTAuthTest.iOS\JWTAuthTest.iOS.csproj", "{E04B6223-1D2E-4D5D-8F6B-EF0A1F8A200A}"
EndProject
Project("{FAE04EC0-301F-11D3-BF4B-00C04F79EFBC}") = "JWTAuthTest", "JWTAuthTest\JWTAuthTest.csproj", "{9AD6A90F-0C03-45A8-888C-29E08FD93BC6}"
EndProject
Project("{FAE04EC0-301F-11D3-BF4B-00C04F79EFBC}") = "Nester.Library", "..\..\..\..\..\Users\rajitha\Documents\inkton\github\nester.library\Nester.Library\Nester.Library.csproj", "{2FE56B33-C633-4C02-AE04-C9EE1D2AFA82}"
EndProject
Project("{FAE04EC0-301F-11D3-BF4B-00C04F79EFBC}") = "Nest.Model", "..\Server\source\shared\nest.model\Nest.Model\Nest.Model.csproj", "{071D46D7-7FC3-4585-9D70-2CAB4ED087CB}"
EndProject
Global
	GlobalSection(SolutionConfigurationPlatforms) = preSolution
		Debug|Any CPU = Debug|Any CPU
		Release|Any CPU = Release|Any CPU
		Debug|iPhoneSimulator = Debug|iPhoneSimulator
		Release|iPhoneSimulator = Release|iPhoneSimulator
		Debug|iPhone = Debug|iPhone
		Release|iPhone = Release|iPhone
	EndGlobalSection
	GlobalSection(ProjectConfigurationPlatforms) = postSolution
		{1C954869-6E68-4E7F-BB33-D5BC1249797A}.Debug|Any CPU.ActiveCfg = Debug|Any CPU
		{1C954869-6E68-4E7F-BB33-D5BC1249797A}.Debug|Any CPU.Build.0 = Debug|Any CPU
		{1C954869-6E68-4E7F-BB33-D5BC1249797A}.Release|Any CPU.ActiveCfg = Release|Any CPU
		{1C954869-6E68-4E7F-BB33-D5BC1249797A}.Release|Any CPU.Build.0 = Release|Any CPU
		{1C954869-6E68-4E7F-BB33-D5BC1249797A}.Debug|iPhoneSimulator.ActiveCfg = Debug|Any CPU
		{1C954869-6E68-4E7F-BB33-D5BC1249797A}.Debug|iPhoneSimulator.Build.0 = Debug|Any CPU
		{1C954869-6E68-4E7F-BB33-D5BC1249797A}.Release|iPhoneSimulator.ActiveCfg = Release|Any CPU
		{1C954869-6E68-4E7F-BB33-D5BC1249797A}.Release|iPhoneSimulator.Build.0 = Release|Any CPU
		{1C954869-6E68-4E7F-BB33-D5BC1249797A}.Debug|iPhone.ActiveCfg = Debug|Any CPU
		{1C954869-6E68-4E7F-BB33-D5BC1249797A}.Debug|iPhone.Build.0 = Debug|Any CPU
		{1C954869-6E68-4E7F-BB33-D5BC1249797A}.Release|iPhone.ActiveCfg = Release|Any CPU
		{1C954869-6E68-4E7F-BB33-D5BC1249797A}.Release|iPhone.Build.0 = Release|Any CPU
		{E04B6223-1D2E-4D5D-8F6B-EF0A1F8A200A}.Debug|Any CPU.ActiveCfg = Debug|iPhoneSimulator
		{E04B6223-1D2E-4D5D-8F6B-EF0A1F8A200A}.Debug|Any CPU.Build.0 = Debug|iPhoneSimulator
		{E04B6223-1D2E-4D5D-8F6B-EF0A1F8A200A}.Release|Any CPU.ActiveCfg = Release|iPhoneSimulator
		{E04B6223-1D2E-4D5D-8F6B-EF0A1F8A200A}.Release|Any CPU.Build.0 = Release|iPhoneSimulator
		{E04B6223-1D2E-4D5D-8F6B-EF0A1F8A200A}.Debug|iPhoneSimulator.ActiveCfg = Debug|iPhoneSimulator
		{E04B6223-1D2E-4D5D-8F6B-EF0A1F8A200A}.Debug|iPhoneSimulator.Build.0 = Debug|iPhoneSimulator
		{E04B6223-1D2E-4D5D-8F6B-EF0A1F8A200A}.Release|iPhoneSimulator.ActiveCfg = Release|iPhoneSimulator
		{E04B6223-1D2E-4D5D-8F6B-EF0A1F8A200A}.Release|iPhoneSimulator.Build.0 = Release|iPhoneSimulator
		{E04B6223-1D2E-4D5D-8F6B-EF0A1F8A200A}.Debug|iPhone.ActiveCfg = Debug|iPhone
		{E04B6223-1D2E-4D5D-8F6B-EF0A1F8A200A}.Debug|iPhone.Build.0 = Debug|iPhone
		{E04B6223-1D2E-4D5D-8F6B-EF0A1F8A200A}.Release|iPhone.ActiveCfg = Release|iPhone
		{E04B6223-1D2E-4D5D-8F6B-EF0A1F8A200A}.Release|iPhone.Build.0 = Release|iPhone
		{9AD6A90F-0C03-45A8-888C-29E08FD93BC6}.Debug|Any CPU.ActiveCfg = Debug|Any CPU
		{9AD6A90F-0C03-45A8-888C-29E08FD93BC6}.Debug|Any CPU.Build.0 = Debug|Any CPU
		{9AD6A90F-0C03-45A8-888C-29E08FD93BC6}.Release|Any CPU.ActiveCfg = Release|Any CPU
		{9AD6A90F-0C03-45A8-888C-29E08FD93BC6}.Release|Any CPU.Build.0 = Release|Any CPU
		{9AD6A90F-0C03-45A8-888C-29E08FD93BC6}.Debug|iPhoneSimulator.ActiveCfg = Debug|Any CPU
		{9AD6A90F-0C03-45A8-888C-29E08FD93BC6}.Debug|iPhoneSimulator.Build.0 = Debug|Any CPU
		{9AD6A90F-0C03-45A8-888C-29E08FD93BC6}.Release|iPhoneSimulator.ActiveCfg = Release|Any CPU
		{9AD6A90F-0C03-45A8-888C-29E08FD93BC6}.Release|iPhoneSimulator.Build.0 = Release|Any CPU
		{9AD6A90F-0C03-45A8-888C-29E08FD93BC6}.Debug|iPhone.ActiveCfg = Debug|Any CPU
		{9AD6A90F-0C03-45A8-888C-29E08FD93BC6}.Debug|iPhone.Build.0 = Debug|Any CPU
		{9AD6A90F-0C03-45A8-888C-29E08FD93BC6}.Release|iPhone.ActiveCfg = Release|Any CPU
		{9AD6A90F-0C03-45A8-888C-29E08FD93BC6}.Release|iPhone.Build.0 = Release|Any CPU
		{2FE56B33-C633-4C02-AE04-C9EE1D2AFA82}.Debug|Any CPU.ActiveCfg = Debug|Any CPU
		{2FE56B33-C633-4C02-AE04-C9EE1D2AFA82}.Debug|Any CPU.Build.0 = Debug|Any CPU
		{2FE56B33-C633-4C02-AE04-C9EE1D2AFA82}.Release|Any CPU.ActiveCfg = Release|Any CPU
		{2FE56B33-C633-4C02-AE04-C9EE1D2AFA82}.Release|Any CPU.Build.0 = Release|Any CPU
		{2FE56B33-C633-4C02-AE04-C9EE1D2AFA82}.Debug|iPhoneSimulator.ActiveCfg = Debug|Any CPU
		{2FE56B33-C633-4C02-AE04-C9EE1D2AFA82}.Debug|iPhoneSimulator.Build.0 = Debug|Any CPU
		{2FE56B33-C633-4C02-AE04-C9EE1D2AFA82}.Release|iPhoneSimulator.ActiveCfg = Release|Any CPU
		{2FE56B33-C633-4C02-AE04-C9EE1D2AFA82}.Release|iPhoneSimulator.Build.0 = Release|Any CPU
		{2FE56B33-C633-4C02-AE04-C9EE1D2AFA82}.Debug|iPhone.ActiveCfg = Debug|Any CPU
		{2FE56B33-C633-4C02-AE04-C9EE1D2AFA82}.Debug|iPhone.Build.0 = Debug|Any CPU
		{2FE56B33-C633-4C02-AE04-C9EE1D2AFA82}.Release|iPhone.ActiveCfg = Release|Any CPU
		{2FE56B33-C633-4C02-AE04-C9EE1D2AFA82}.Release|iPhone.Build.0 = Release|Any CPU
		{071D46D7-7FC3-4585-9D70-2CAB4ED087CB}.Debug|Any CPU.ActiveCfg = Debug|Any CPU
		{071D46D7-7FC3-4585-9D70-2CAB4ED087CB}.Debug|Any CPU.Build.0 = Debug|Any CPU
		{071D46D7-7FC3-4585-9D70-2CAB4ED087CB}.Release|Any CPU.ActiveCfg = Release|Any CPU
		{071D46D7-7FC3-4585-9D70-2CAB4ED087CB}.Release|Any CPU.Build.0 = Release|Any CPU
		{071D46D7-7FC3-4585-9D70-2CAB4ED087CB}.Debug|iPhoneSimulator.ActiveCfg = Debug|Any CPU
		{071D46D7-7FC3-4585-9D70-2CAB4ED087CB}.Debug|iPhoneSimulator.Build.0 = Debug|Any CPU
		{071D46D7-7FC3-4585-9D70-2CAB4ED087CB}.Release|iPhoneSimulator.ActiveCfg = Release|Any CPU
		{071D46D7-7FC3-4585-9D70-2CAB4ED087CB}.Release|iPhoneSimulator.Build.0 = Release|Any CPU
		{071D46D7-7FC3-4585-9D70-2CAB4ED087CB}.Debug|iPhone.ActiveCfg = Debug|Any CPU
		{071D46D7-7FC3-4585-9D70-2CAB4ED087CB}.Debug|iPhone.Build.0 = Debug|Any CPU
		{071D46D7-7FC3-4585-9D70-2CAB4ED087CB}.Release|iPhone.ActiveCfg = Release|Any CPU
		{071D46D7-7FC3-4585-9D70-2CAB4ED087CB}.Release|iPhone.Build.0 = Release|Any CPU
	EndGlobalSection
EndGlobal
