
Microsoft Visual Studio Solution File, Format Version 12.00
# Visual Studio 15
VisualStudioVersion = 15.0.26124.0
MinimumVisualStudioVersion = 15.0.26124.0
Project("{2150E333-8FDC-42A3-9474-1A3956D46DE8}") = "Apiendpoint", "Apiendpoint", "{EF91EEB3-121E-40DC-84E2-BB3D2D282DB4}"
EndProject
Project("{FAE04EC0-301F-11D3-BF4B-00C04F79EFBC}") = "Apiendpoint", "Apiendpoint\src\Apiendpoint.csproj", "{0FC0FBC8-8054-4F18-9AE3-E54EA8795B28}"
EndProject
Project("{FAE04EC0-301F-11D3-BF4B-00C04F79EFBC}") = "ApiendpointTest", "Apiendpoint\test\ApiendpointTest.csproj", "{6EE16AD4-5DC2-4F0F-887D-305820D07FBC}"
EndProject
Project("{2150E333-8FDC-42A3-9474-1A3956D46DE8}") = "Proc2", "Proc2", "{34B08319-79BA-4174-81F1-9D191C6C788F}"
EndProject
Project("{FAE04EC0-301F-11D3-BF4B-00C04F79EFBC}") = "Proc2", "Proc2\src\Proc2.csproj", "{0269ACBD-1E94-4457-A6D0-3DF16483E442}"
EndProject
Project("{FAE04EC0-301F-11D3-BF4B-00C04F79EFBC}") = "Proc2Test", "Proc2\test\Proc2Test.csproj", "{635ECD37-B8E6-4F58-AF62-D0D77C85AB11}"
EndProject
Project("{2150E333-8FDC-42A3-9474-1A3956D46DE8}") = "Proc3", "Proc3", "{C3242705-C62B-4516-B68C-AFF55BDCAE1A}"
EndProject
Project("{FAE04EC0-301F-11D3-BF4B-00C04F79EFBC}") = "Proc3", "Proc3\src\Proc3.csproj", "{AD8F5445-CCB3-4F9D-AC66-8221AF8F43FE}"
EndProject
Project("{FAE04EC0-301F-11D3-BF4B-00C04F79EFBC}") = "Proc3Test", "Proc3\test\Proc3Test.csproj", "{C9821715-1307-4F16-8EE8-C0520A03CAD3}"
EndProject
Project("{2150E333-8FDC-42A3-9474-1A3956D46DE8}") = "Process1", "Process1", "{A4D0A01C-1E1B-4290-88EF-05DA07866AFA}"
EndProject
Project("{FAE04EC0-301F-11D3-BF4B-00C04F79EFBC}") = "Process1", "Process1\src\Process1.csproj", "{51043B34-591F-4117-ACDE-AD2324F4ED47}"
EndProject
Project("{FAE04EC0-301F-11D3-BF4B-00C04F79EFBC}") = "Process1Test", "Process1\test\Process1Test.csproj", "{27F6F826-4936-49DD-86E9-71E8DB44A7C8}"
EndProject
Global
	GlobalSection(SolutionConfigurationPlatforms) = preSolution
		Debug|Any CPU = Debug|Any CPU
		Debug|x64 = Debug|x64
		Debug|x86 = Debug|x86
		Release|Any CPU = Release|Any CPU
		Release|x64 = Release|x64
		Release|x86 = Release|x86
	EndGlobalSection
	GlobalSection(SolutionProperties) = preSolution
		HideSolutionNode = FALSE
	EndGlobalSection
	GlobalSection(ProjectConfigurationPlatforms) = postSolution
		{0FC0FBC8-8054-4F18-9AE3-E54EA8795B28}.Debug|Any CPU.ActiveCfg = Debug|Any CPU
		{0FC0FBC8-8054-4F18-9AE3-E54EA8795B28}.Debug|Any CPU.Build.0 = Debug|Any CPU
		{0FC0FBC8-8054-4F18-9AE3-E54EA8795B28}.Debug|x64.ActiveCfg = Debug|Any CPU
		{0FC0FBC8-8054-4F18-9AE3-E54EA8795B28}.Debug|x64.Build.0 = Debug|Any CPU
		{0FC0FBC8-8054-4F18-9AE3-E54EA8795B28}.Debug|x86.ActiveCfg = Debug|Any CPU
		{0FC0FBC8-8054-4F18-9AE3-E54EA8795B28}.Debug|x86.Build.0 = Debug|Any CPU
		{0FC0FBC8-8054-4F18-9AE3-E54EA8795B28}.Release|Any CPU.ActiveCfg = Release|Any CPU
		{0FC0FBC8-8054-4F18-9AE3-E54EA8795B28}.Release|Any CPU.Build.0 = Release|Any CPU
		{0FC0FBC8-8054-4F18-9AE3-E54EA8795B28}.Release|x64.ActiveCfg = Release|Any CPU
		{0FC0FBC8-8054-4F18-9AE3-E54EA8795B28}.Release|x64.Build.0 = Release|Any CPU
		{0FC0FBC8-8054-4F18-9AE3-E54EA8795B28}.Release|x86.ActiveCfg = Release|Any CPU
		{0FC0FBC8-8054-4F18-9AE3-E54EA8795B28}.Release|x86.Build.0 = Release|Any CPU
		{6EE16AD4-5DC2-4F0F-887D-305820D07FBC}.Debug|Any CPU.ActiveCfg = Debug|Any CPU
		{6EE16AD4-5DC2-4F0F-887D-305820D07FBC}.Debug|Any CPU.Build.0 = Debug|Any CPU
		{6EE16AD4-5DC2-4F0F-887D-305820D07FBC}.Debug|x64.ActiveCfg = Debug|Any CPU
		{6EE16AD4-5DC2-4F0F-887D-305820D07FBC}.Debug|x64.Build.0 = Debug|Any CPU
		{6EE16AD4-5DC2-4F0F-887D-305820D07FBC}.Debug|x86.ActiveCfg = Debug|Any CPU
		{6EE16AD4-5DC2-4F0F-887D-305820D07FBC}.Debug|x86.Build.0 = Debug|Any CPU
		{6EE16AD4-5DC2-4F0F-887D-305820D07FBC}.Release|Any CPU.ActiveCfg = Release|Any CPU
		{6EE16AD4-5DC2-4F0F-887D-305820D07FBC}.Release|Any CPU.Build.0 = Release|Any CPU
		{6EE16AD4-5DC2-4F0F-887D-305820D07FBC}.Release|x64.ActiveCfg = Release|Any CPU
		{6EE16AD4-5DC2-4F0F-887D-305820D07FBC}.Release|x64.Build.0 = Release|Any CPU
		{6EE16AD4-5DC2-4F0F-887D-305820D07FBC}.Release|x86.ActiveCfg = Release|Any CPU
		{6EE16AD4-5DC2-4F0F-887D-305820D07FBC}.Release|x86.Build.0 = Release|Any CPU
		{0269ACBD-1E94-4457-A6D0-3DF16483E442}.Debug|Any CPU.ActiveCfg = Debug|Any CPU
		{0269ACBD-1E94-4457-A6D0-3DF16483E442}.Debug|Any CPU.Build.0 = Debug|Any CPU
		{0269ACBD-1E94-4457-A6D0-3DF16483E442}.Debug|x64.ActiveCfg = Debug|Any CPU
		{0269ACBD-1E94-4457-A6D0-3DF16483E442}.Debug|x64.Build.0 = Debug|Any CPU
		{0269ACBD-1E94-4457-A6D0-3DF16483E442}.Debug|x86.ActiveCfg = Debug|Any CPU
		{0269ACBD-1E94-4457-A6D0-3DF16483E442}.Debug|x86.Build.0 = Debug|Any CPU
		{0269ACBD-1E94-4457-A6D0-3DF16483E442}.Release|Any CPU.ActiveCfg = Release|Any CPU
		{0269ACBD-1E94-4457-A6D0-3DF16483E442}.Release|Any CPU.Build.0 = Release|Any CPU
		{0269ACBD-1E94-4457-A6D0-3DF16483E442}.Release|x64.ActiveCfg = Release|Any CPU
		{0269ACBD-1E94-4457-A6D0-3DF16483E442}.Release|x64.Build.0 = Release|Any CPU
		{0269ACBD-1E94-4457-A6D0-3DF16483E442}.Release|x86.ActiveCfg = Release|Any CPU
		{0269ACBD-1E94-4457-A6D0-3DF16483E442}.Release|x86.Build.0 = Release|Any CPU
		{635ECD37-B8E6-4F58-AF62-D0D77C85AB11}.Debug|Any CPU.ActiveCfg = Debug|Any CPU
		{635ECD37-B8E6-4F58-AF62-D0D77C85AB11}.Debug|Any CPU.Build.0 = Debug|Any CPU
		{635ECD37-B8E6-4F58-AF62-D0D77C85AB11}.Debug|x64.ActiveCfg = Debug|Any CPU
		{635ECD37-B8E6-4F58-AF62-D0D77C85AB11}.Debug|x64.Build.0 = Debug|Any CPU
		{635ECD37-B8E6-4F58-AF62-D0D77C85AB11}.Debug|x86.ActiveCfg = Debug|Any CPU
		{635ECD37-B8E6-4F58-AF62-D0D77C85AB11}.Debug|x86.Build.0 = Debug|Any CPU
		{635ECD37-B8E6-4F58-AF62-D0D77C85AB11}.Release|Any CPU.ActiveCfg = Release|Any CPU
		{635ECD37-B8E6-4F58-AF62-D0D77C85AB11}.Release|Any CPU.Build.0 = Release|Any CPU
		{635ECD37-B8E6-4F58-AF62-D0D77C85AB11}.Release|x64.ActiveCfg = Release|Any CPU
		{635ECD37-B8E6-4F58-AF62-D0D77C85AB11}.Release|x64.Build.0 = Release|Any CPU
		{635ECD37-B8E6-4F58-AF62-D0D77C85AB11}.Release|x86.ActiveCfg = Release|Any CPU
		{635ECD37-B8E6-4F58-AF62-D0D77C85AB11}.Release|x86.Build.0 = Release|Any CPU
		{AD8F5445-CCB3-4F9D-AC66-8221AF8F43FE}.Debug|Any CPU.ActiveCfg = Debug|Any CPU
		{AD8F5445-CCB3-4F9D-AC66-8221AF8F43FE}.Debug|Any CPU.Build.0 = Debug|Any CPU
		{AD8F5445-CCB3-4F9D-AC66-8221AF8F43FE}.Debug|x64.ActiveCfg = Debug|Any CPU
		{AD8F5445-CCB3-4F9D-AC66-8221AF8F43FE}.Debug|x64.Build.0 = Debug|Any CPU
		{AD8F5445-CCB3-4F9D-AC66-8221AF8F43FE}.Debug|x86.ActiveCfg = Debug|Any CPU
		{AD8F5445-CCB3-4F9D-AC66-8221AF8F43FE}.Debug|x86.Build.0 = Debug|Any CPU
		{AD8F5445-CCB3-4F9D-AC66-8221AF8F43FE}.Release|Any CPU.ActiveCfg = Release|Any CPU
		{AD8F5445-CCB3-4F9D-AC66-8221AF8F43FE}.Release|Any CPU.Build.0 = Release|Any CPU
		{AD8F5445-CCB3-4F9D-AC66-8221AF8F43FE}.Release|x64.ActiveCfg = Release|Any CPU
		{AD8F5445-CCB3-4F9D-AC66-8221AF8F43FE}.Release|x64.Build.0 = Release|Any CPU
		{AD8F5445-CCB3-4F9D-AC66-8221AF8F43FE}.Release|x86.ActiveCfg = Release|Any CPU
		{AD8F5445-CCB3-4F9D-AC66-8221AF8F43FE}.Release|x86.Build.0 = Release|Any CPU
		{C9821715-1307-4F16-8EE8-C0520A03CAD3}.Debug|Any CPU.ActiveCfg = Debug|Any CPU
		{C9821715-1307-4F16-8EE8-C0520A03CAD3}.Debug|Any CPU.Build.0 = Debug|Any CPU
		{C9821715-1307-4F16-8EE8-C0520A03CAD3}.Debug|x64.ActiveCfg = Debug|Any CPU
		{C9821715-1307-4F16-8EE8-C0520A03CAD3}.Debug|x64.Build.0 = Debug|Any CPU
		{C9821715-1307-4F16-8EE8-C0520A03CAD3}.Debug|x86.ActiveCfg = Debug|Any CPU
		{C9821715-1307-4F16-8EE8-C0520A03CAD3}.Debug|x86.Build.0 = Debug|Any CPU
		{C9821715-1307-4F16-8EE8-C0520A03CAD3}.Release|Any CPU.ActiveCfg = Release|Any CPU
		{C9821715-1307-4F16-8EE8-C0520A03CAD3}.Release|Any CPU.Build.0 = Release|Any CPU
		{C9821715-1307-4F16-8EE8-C0520A03CAD3}.Release|x64.ActiveCfg = Release|Any CPU
		{C9821715-1307-4F16-8EE8-C0520A03CAD3}.Release|x64.Build.0 = Release|Any CPU
		{C9821715-1307-4F16-8EE8-C0520A03CAD3}.Release|x86.ActiveCfg = Release|Any CPU
		{C9821715-1307-4F16-8EE8-C0520A03CAD3}.Release|x86.Build.0 = Release|Any CPU
		{51043B34-591F-4117-ACDE-AD2324F4ED47}.Debug|Any CPU.ActiveCfg = Debug|Any CPU
		{51043B34-591F-4117-ACDE-AD2324F4ED47}.Debug|Any CPU.Build.0 = Debug|Any CPU
		{51043B34-591F-4117-ACDE-AD2324F4ED47}.Debug|x64.ActiveCfg = Debug|Any CPU
		{51043B34-591F-4117-ACDE-AD2324F4ED47}.Debug|x64.Build.0 = Debug|Any CPU
		{51043B34-591F-4117-ACDE-AD2324F4ED47}.Debug|x86.ActiveCfg = Debug|Any CPU
		{51043B34-591F-4117-ACDE-AD2324F4ED47}.Debug|x86.Build.0 = Debug|Any CPU
		{51043B34-591F-4117-ACDE-AD2324F4ED47}.Release|Any CPU.ActiveCfg = Release|Any CPU
		{51043B34-591F-4117-ACDE-AD2324F4ED47}.Release|Any CPU.Build.0 = Release|Any CPU
		{51043B34-591F-4117-ACDE-AD2324F4ED47}.Release|x64.ActiveCfg = Release|Any CPU
		{51043B34-591F-4117-ACDE-AD2324F4ED47}.Release|x64.Build.0 = Release|Any CPU
		{51043B34-591F-4117-ACDE-AD2324F4ED47}.Release|x86.ActiveCfg = Release|Any CPU
		{51043B34-591F-4117-ACDE-AD2324F4ED47}.Release|x86.Build.0 = Release|Any CPU
		{27F6F826-4936-49DD-86E9-71E8DB44A7C8}.Debug|Any CPU.ActiveCfg = Debug|Any CPU
		{27F6F826-4936-49DD-86E9-71E8DB44A7C8}.Debug|Any CPU.Build.0 = Debug|Any CPU
		{27F6F826-4936-49DD-86E9-71E8DB44A7C8}.Debug|x64.ActiveCfg = Debug|Any CPU
		{27F6F826-4936-49DD-86E9-71E8DB44A7C8}.Debug|x64.Build.0 = Debug|Any CPU
		{27F6F826-4936-49DD-86E9-71E8DB44A7C8}.Debug|x86.ActiveCfg = Debug|Any CPU
		{27F6F826-4936-49DD-86E9-71E8DB44A7C8}.Debug|x86.Build.0 = Debug|Any CPU
		{27F6F826-4936-49DD-86E9-71E8DB44A7C8}.Release|Any CPU.ActiveCfg = Release|Any CPU
		{27F6F826-4936-49DD-86E9-71E8DB44A7C8}.Release|Any CPU.Build.0 = Release|Any CPU
		{27F6F826-4936-49DD-86E9-71E8DB44A7C8}.Release|x64.ActiveCfg = Release|Any CPU
		{27F6F826-4936-49DD-86E9-71E8DB44A7C8}.Release|x64.Build.0 = Release|Any CPU
		{27F6F826-4936-49DD-86E9-71E8DB44A7C8}.Release|x86.ActiveCfg = Release|Any CPU
		{27F6F826-4936-49DD-86E9-71E8DB44A7C8}.Release|x86.Build.0 = Release|Any CPU
	EndGlobalSection
	GlobalSection(NestedProjects) = preSolution
		{0FC0FBC8-8054-4F18-9AE3-E54EA8795B28} = {EF91EEB3-121E-40DC-84E2-BB3D2D282DB4}
		{6EE16AD4-5DC2-4F0F-887D-305820D07FBC} = {EF91EEB3-121E-40DC-84E2-BB3D2D282DB4}
		{0269ACBD-1E94-4457-A6D0-3DF16483E442} = {34B08319-79BA-4174-81F1-9D191C6C788F}
		{635ECD37-B8E6-4F58-AF62-D0D77C85AB11} = {34B08319-79BA-4174-81F1-9D191C6C788F}
		{AD8F5445-CCB3-4F9D-AC66-8221AF8F43FE} = {C3242705-C62B-4516-B68C-AFF55BDCAE1A}
		{C9821715-1307-4F16-8EE8-C0520A03CAD3} = {C3242705-C62B-4516-B68C-AFF55BDCAE1A}
		{51043B34-591F-4117-ACDE-AD2324F4ED47} = {A4D0A01C-1E1B-4290-88EF-05DA07866AFA}
		{27F6F826-4936-49DD-86E9-71E8DB44A7C8} = {A4D0A01C-1E1B-4290-88EF-05DA07866AFA}
	EndGlobalSection
EndGlobal
