
Microsoft Visual Studio Solution File, Format Version 12.00
# Visual Studio 15
VisualStudioVersion = 15.0.26124.0
MinimumVisualStudioVersion = 15.0.26124.0
Project("{2150E333-8FDC-42A3-9474-1A3956D46DE8}") = "Apiendpoint", "Apiendpoint", "{C24F9B61-E409-480D-ABFE-5DB8FF42BCBF}"
EndProject
Project("{FAE04EC0-301F-11D3-BF4B-00C04F79EFBC}") = "Apiendpoint", "Apiendpoint\src\Apiendpoint.csproj", "{9E724626-47CA-4D63-BED8-FFF911EB7607}"
EndProject
Project("{FAE04EC0-301F-11D3-BF4B-00C04F79EFBC}") = "ApiendpointTest", "Apiendpoint\test\ApiendpointTest.csproj", "{9027671D-8BB6-4389-8C2C-3CB5C27DF53D}"
EndProject
Global
	GlobalSection(SolutionConfigurationPlatforms) = preSolution
		Debug|Any CPU = Debug|Any CPU
		Debug|x64 = Debug|x64
		Debug|x86 = Debug|x86
		Release|Any CPU = Release|Any CPU
		Release|x64 = Release|x64
		Release|x86 = Release|x86
	EndGlobalSection
	GlobalSection(SolutionProperties) = preSolution
		HideSolutionNode = FALSE
	EndGlobalSection
	GlobalSection(ProjectConfigurationPlatforms) = postSolution
		{9E724626-47CA-4D63-BED8-FFF911EB7607}.Debug|Any CPU.ActiveCfg = Debug|Any CPU
		{9E724626-47CA-4D63-BED8-FFF911EB7607}.Debug|Any CPU.Build.0 = Debug|Any CPU
		{9E724626-47CA-4D63-BED8-FFF911EB7607}.Debug|x64.ActiveCfg = Debug|Any CPU
		{9E724626-47CA-4D63-BED8-FFF911EB7607}.Debug|x64.Build.0 = Debug|Any CPU
		{9E724626-47CA-4D63-BED8-FFF911EB7607}.Debug|x86.ActiveCfg = Debug|Any CPU
		{9E724626-47CA-4D63-BED8-FFF911EB7607}.Debug|x86.Build.0 = Debug|Any CPU
		{9E724626-47CA-4D63-BED8-FFF911EB7607}.Release|Any CPU.ActiveCfg = Release|Any CPU
		{9E724626-47CA-4D63-BED8-FFF911EB7607}.Release|Any CPU.Build.0 = Release|Any CPU
		{9E724626-47CA-4D63-BED8-FFF911EB7607}.Release|x64.ActiveCfg = Release|Any CPU
		{9E724626-47CA-4D63-BED8-FFF911EB7607}.Release|x64.Build.0 = Release|Any CPU
		{9E724626-47CA-4D63-BED8-FFF911EB7607}.Release|x86.ActiveCfg = Release|Any CPU
		{9E724626-47CA-4D63-BED8-FFF911EB7607}.Release|x86.Build.0 = Release|Any CPU
		{9027671D-8BB6-4389-8C2C-3CB5C27DF53D}.Debug|Any CPU.ActiveCfg = Debug|Any CPU
		{9027671D-8BB6-4389-8C2C-3CB5C27DF53D}.Debug|Any CPU.Build.0 = Debug|Any CPU
		{9027671D-8BB6-4389-8C2C-3CB5C27DF53D}.Debug|x64.ActiveCfg = Debug|Any CPU
		{9027671D-8BB6-4389-8C2C-3CB5C27DF53D}.Debug|x64.Build.0 = Debug|Any CPU
		{9027671D-8BB6-4389-8C2C-3CB5C27DF53D}.Debug|x86.ActiveCfg = Debug|Any CPU
		{9027671D-8BB6-4389-8C2C-3CB5C27DF53D}.Debug|x86.Build.0 = Debug|Any CPU
		{9027671D-8BB6-4389-8C2C-3CB5C27DF53D}.Release|Any CPU.ActiveCfg = Release|Any CPU
		{9027671D-8BB6-4389-8C2C-3CB5C27DF53D}.Release|Any CPU.Build.0 = Release|Any CPU
		{9027671D-8BB6-4389-8C2C-3CB5C27DF53D}.Release|x64.ActiveCfg = Release|Any CPU
		{9027671D-8BB6-4389-8C2C-3CB5C27DF53D}.Release|x64.Build.0 = Release|Any CPU
		{9027671D-8BB6-4389-8C2C-3CB5C27DF53D}.Release|x86.ActiveCfg = Release|Any CPU
		{9027671D-8BB6-4389-8C2C-3CB5C27DF53D}.Release|x86.Build.0 = Release|Any CPU
	EndGlobalSection
	GlobalSection(NestedProjects) = preSolution
		{9E724626-47CA-4D63-BED8-FFF911EB7607} = {C24F9B61-E409-480D-ABFE-5DB8FF42BCBF}
		{9027671D-8BB6-4389-8C2C-3CB5C27DF53D} = {C24F9B61-E409-480D-ABFE-5DB8FF42BCBF}
	EndGlobalSection
EndGlobal
